
Microsoft Visual Studio Solution File, Format Version 12.00
# Visual Studio 14
VisualStudioVersion = 14.0.23107.0
MinimumVisualStudioVersion = 10.0.40219.1
Project("{FAE04EC0-301F-11D3-BF4B-00C04F79EFBC}") = "Dalyan.Db", "Dalyan.Db\Dalyan.Db.csproj", "{796CFAD1-28C3-40F3-9831-6766462D4FF3}"
EndProject
Project("{FAE04EC0-301F-11D3-BF4B-00C04F79EFBC}") = "Dalyan.Service", "Dalyan.Service\Dalyan.Service.csproj", "{9B71AA26-C946-4B2B-BCD2-23A1B8AE9C02}"
EndProject
Project("{FAE04EC0-301F-11D3-BF4B-00C04F79EFBC}") = "Dalyan.WebApi", "Dalyan.WebApi\Dalyan.WebApi.csproj", "{9635E103-1DE2-4700-BAE2-9DB7CE70AB7E}"
EndProject
Project("{FAE04EC0-301F-11D3-BF4B-00C04F79EFBC}") = "Dalyan.Domain", "Dalyan.Domain\Dalyan.Domain.csproj", "{AD4A986C-1D60-4895-A3F3-C99B88A4D5DC}"
EndProject
Project("{2150E333-8FDC-42A3-9474-1A3956D46DE8}") = "Client", "Client", "{32CF29B4-C5FF-4652-80AF-24445F1E52BF}"
EndProject
Project("{2150E333-8FDC-42A3-9474-1A3956D46DE8}") = "Data Access", "Data Access", "{B6A9D89E-3EFA-4C56-AF1F-A78716E264E5}"
EndProject
Project("{2150E333-8FDC-42A3-9474-1A3956D46DE8}") = "Business Logic", "Business Logic", "{FB4DDF57-CFB2-40CE-93DE-47EEAC361644}"
EndProject
Project("{FAE04EC0-301F-11D3-BF4B-00C04F79EFBC}") = "Dalyan.Entities", "Dalyan.Entities\Dalyan.Entities.csproj", "{D283A2C3-D3D4-4BFF-82C5-E4B3C319F11D}"
EndProject
Project("{FAE04EC0-301F-11D3-BF4B-00C04F79EFBC}") = "Dalyan.SPA", "Dalyan.SPA\Dalyan.SPA.csproj", "{9AAF6CD5-BAA7-4A63-BBC6-5CD5E2E797C0}"
EndProject
Project("{2150E333-8FDC-42A3-9474-1A3956D46DE8}") = "Database Project", "Database Project", "{15002A90-3CF6-49BB-89D1-864B7C3D818D}"
EndProject
Project("{00D1A9C2-B5F0-4AF3-8072-F6C62B433612}") = "Dalyan.Database", "Dalyan.Database\Dalyan.Database.sqlproj", "{BEBF116E-88CB-4A47-9CAF-A7BFBFAA02A5}"
EndProject
Global
	GlobalSection(SolutionConfigurationPlatforms) = preSolution
		Debug|Any CPU = Debug|Any CPU
		Release|Any CPU = Release|Any CPU
	EndGlobalSection
	GlobalSection(ProjectConfigurationPlatforms) = postSolution
		{796CFAD1-28C3-40F3-9831-6766462D4FF3}.Debug|Any CPU.ActiveCfg = Debug|Any CPU
		{796CFAD1-28C3-40F3-9831-6766462D4FF3}.Debug|Any CPU.Build.0 = Debug|Any CPU
		{796CFAD1-28C3-40F3-9831-6766462D4FF3}.Release|Any CPU.ActiveCfg = Release|Any CPU
		{796CFAD1-28C3-40F3-9831-6766462D4FF3}.Release|Any CPU.Build.0 = Release|Any CPU
		{9B71AA26-C946-4B2B-BCD2-23A1B8AE9C02}.Debug|Any CPU.ActiveCfg = Debug|Any CPU
		{9B71AA26-C946-4B2B-BCD2-23A1B8AE9C02}.Debug|Any CPU.Build.0 = Debug|Any CPU
		{9B71AA26-C946-4B2B-BCD2-23A1B8AE9C02}.Release|Any CPU.ActiveCfg = Release|Any CPU
		{9B71AA26-C946-4B2B-BCD2-23A1B8AE9C02}.Release|Any CPU.Build.0 = Release|Any CPU
		{9635E103-1DE2-4700-BAE2-9DB7CE70AB7E}.Debug|Any CPU.ActiveCfg = Debug|Any CPU
		{9635E103-1DE2-4700-BAE2-9DB7CE70AB7E}.Debug|Any CPU.Build.0 = Debug|Any CPU
		{9635E103-1DE2-4700-BAE2-9DB7CE70AB7E}.Release|Any CPU.ActiveCfg = Release|Any CPU
		{9635E103-1DE2-4700-BAE2-9DB7CE70AB7E}.Release|Any CPU.Build.0 = Release|Any CPU
		{AD4A986C-1D60-4895-A3F3-C99B88A4D5DC}.Debug|Any CPU.ActiveCfg = Debug|Any CPU
		{AD4A986C-1D60-4895-A3F3-C99B88A4D5DC}.Debug|Any CPU.Build.0 = Debug|Any CPU
		{AD4A986C-1D60-4895-A3F3-C99B88A4D5DC}.Release|Any CPU.ActiveCfg = Release|Any CPU
		{AD4A986C-1D60-4895-A3F3-C99B88A4D5DC}.Release|Any CPU.Build.0 = Release|Any CPU
		{D283A2C3-D3D4-4BFF-82C5-E4B3C319F11D}.Debug|Any CPU.ActiveCfg = Debug|Any CPU
		{D283A2C3-D3D4-4BFF-82C5-E4B3C319F11D}.Debug|Any CPU.Build.0 = Debug|Any CPU
		{D283A2C3-D3D4-4BFF-82C5-E4B3C319F11D}.Release|Any CPU.ActiveCfg = Release|Any CPU
		{D283A2C3-D3D4-4BFF-82C5-E4B3C319F11D}.Release|Any CPU.Build.0 = Release|Any CPU
		{9AAF6CD5-BAA7-4A63-BBC6-5CD5E2E797C0}.Debug|Any CPU.ActiveCfg = Debug|Any CPU
		{9AAF6CD5-BAA7-4A63-BBC6-5CD5E2E797C0}.Debug|Any CPU.Build.0 = Debug|Any CPU
		{9AAF6CD5-BAA7-4A63-BBC6-5CD5E2E797C0}.Release|Any CPU.ActiveCfg = Release|Any CPU
		{9AAF6CD5-BAA7-4A63-BBC6-5CD5E2E797C0}.Release|Any CPU.Build.0 = Release|Any CPU
		{BEBF116E-88CB-4A47-9CAF-A7BFBFAA02A5}.Debug|Any CPU.ActiveCfg = Debug|Any CPU
		{BEBF116E-88CB-4A47-9CAF-A7BFBFAA02A5}.Debug|Any CPU.Build.0 = Debug|Any CPU
		{BEBF116E-88CB-4A47-9CAF-A7BFBFAA02A5}.Debug|Any CPU.Deploy.0 = Debug|Any CPU
		{BEBF116E-88CB-4A47-9CAF-A7BFBFAA02A5}.Release|Any CPU.ActiveCfg = Release|Any CPU
		{BEBF116E-88CB-4A47-9CAF-A7BFBFAA02A5}.Release|Any CPU.Build.0 = Release|Any CPU
		{BEBF116E-88CB-4A47-9CAF-A7BFBFAA02A5}.Release|Any CPU.Deploy.0 = Release|Any CPU
	EndGlobalSection
	GlobalSection(SolutionProperties) = preSolution
		HideSolutionNode = FALSE
	EndGlobalSection
	GlobalSection(NestedProjects) = preSolution
		{796CFAD1-28C3-40F3-9831-6766462D4FF3} = {B6A9D89E-3EFA-4C56-AF1F-A78716E264E5}
		{9B71AA26-C946-4B2B-BCD2-23A1B8AE9C02} = {FB4DDF57-CFB2-40CE-93DE-47EEAC361644}
		{9635E103-1DE2-4700-BAE2-9DB7CE70AB7E} = {32CF29B4-C5FF-4652-80AF-24445F1E52BF}
		{AD4A986C-1D60-4895-A3F3-C99B88A4D5DC} = {B6A9D89E-3EFA-4C56-AF1F-A78716E264E5}
		{D283A2C3-D3D4-4BFF-82C5-E4B3C319F11D} = {B6A9D89E-3EFA-4C56-AF1F-A78716E264E5}
		{9AAF6CD5-BAA7-4A63-BBC6-5CD5E2E797C0} = {32CF29B4-C5FF-4652-80AF-24445F1E52BF}
		{BEBF116E-88CB-4A47-9CAF-A7BFBFAA02A5} = {15002A90-3CF6-49BB-89D1-864B7C3D818D}
	EndGlobalSection
EndGlobal
